
Microsoft Visual Studio Solution File, Format Version 12.00
# Visual Studio Version 17
VisualStudioVersion = 17.0.31903.59
MinimumVisualStudioVersion = 10.0.40219.1
Project("{2150E333-8FDC-42A3-9474-1A3956D46DE8}") = "src", "src", "{827E0CD3-B72D-47B6-A68D-7590B98EB39B}"
EndProject
Project("{2150E333-8FDC-42A3-9474-1A3956D46DE8}") = "Services", "Services", "{984BB9B3-3FA3-BE33-9484-CAC21695A33C}"
EndProject
Project("{2150E333-8FDC-42A3-9474-1A3956D46DE8}") = "Booking", "Booking", "{4123167B-43F7-B7D6-9F7F-37C16FB29096}"
EndProject
Project("{FAE04EC0-301F-11D3-BF4B-00C04F79EFBC}") = "Booking.Domain", "src\Services\Booking\Booking.Domain\Booking.Domain.csproj", "{C292611E-5B66-40D2-88E3-913628BAF3A7}"
EndProject
Project("{FAE04EC0-301F-11D3-BF4B-00C04F79EFBC}") = "Booking.Application", "src\Services\Booking\Booking.Application\Booking.Application.csproj", "{73A4808D-27FF-45F0-875C-ED00B5F4A0C2}"
EndProject
Project("{FAE04EC0-301F-11D3-BF4B-00C04F79EFBC}") = "Booking.Infrastructure", "src\Services\Booking\Booking.Infrastructure\Booking.Infrastructure.csproj", "{2528A17C-443E-409D-9FE2-09D00FF5EDA2}"
EndProject
Project("{FAE04EC0-301F-11D3-BF4B-00C04F79EFBC}") = "Booking.API", "src\Services\Booking\Booking.API\Booking.API.csproj", "{FDCD5363-8EC1-44F5-90EE-650AE5960648}"
EndProject
Project("{2150E333-8FDC-42A3-9474-1A3956D46DE8}") = "Payment", "Payment", "{3FB03296-F262-2760-9861-73C41AF3766C}"
EndProject
Project("{FAE04EC0-301F-11D3-BF4B-00C04F79EFBC}") = "Payment.API", "src\Services\Payment\Payment.API\Payment.API.csproj", "{B0D467F2-20C7-4C86-AF7D-B1BBB58153E1}"
EndProject
Project("{2150E333-8FDC-42A3-9474-1A3956D46DE8}") = "Identity", "Identity", "{1BFC9479-12BF-35C3-06B8-42D89D95092B}"
EndProject
Project("{FAE04EC0-301F-11D3-BF4B-00C04F79EFBC}") = "Identity.API", "src\Services\Identity\Identity.API\Identity.API.csproj", "{466D3D47-0165-4071-B505-7D9340A318FA}"
EndProject
Global
	GlobalSection(SolutionConfigurationPlatforms) = preSolution
		Debug|Any CPU = Debug|Any CPU
		Debug|x64 = Debug|x64
		Debug|x86 = Debug|x86
		Release|Any CPU = Release|Any CPU
		Release|x64 = Release|x64
		Release|x86 = Release|x86
	EndGlobalSection
	GlobalSection(ProjectConfigurationPlatforms) = postSolution
		{C292611E-5B66-40D2-88E3-913628BAF3A7}.Debug|Any CPU.ActiveCfg = Debug|Any CPU
		{C292611E-5B66-40D2-88E3-913628BAF3A7}.Debug|Any CPU.Build.0 = Debug|Any CPU
		{C292611E-5B66-40D2-88E3-913628BAF3A7}.Debug|x64.ActiveCfg = Debug|Any CPU
		{C292611E-5B66-40D2-88E3-913628BAF3A7}.Debug|x64.Build.0 = Debug|Any CPU
		{C292611E-5B66-40D2-88E3-913628BAF3A7}.Debug|x86.ActiveCfg = Debug|Any CPU
		{C292611E-5B66-40D2-88E3-913628BAF3A7}.Debug|x86.Build.0 = Debug|Any CPU
		{C292611E-5B66-40D2-88E3-913628BAF3A7}.Release|Any CPU.ActiveCfg = Release|Any CPU
		{C292611E-5B66-40D2-88E3-913628BAF3A7}.Release|Any CPU.Build.0 = Release|Any CPU
		{C292611E-5B66-40D2-88E3-913628BAF3A7}.Release|x64.ActiveCfg = Release|Any CPU
		{C292611E-5B66-40D2-88E3-913628BAF3A7}.Release|x64.Build.0 = Release|Any CPU
		{C292611E-5B66-40D2-88E3-913628BAF3A7}.Release|x86.ActiveCfg = Release|Any CPU
		{C292611E-5B66-40D2-88E3-913628BAF3A7}.Release|x86.Build.0 = Release|Any CPU
		{73A4808D-27FF-45F0-875C-ED00B5F4A0C2}.Debug|Any CPU.ActiveCfg = Debug|Any CPU
		{73A4808D-27FF-45F0-875C-ED00B5F4A0C2}.Debug|Any CPU.Build.0 = Debug|Any CPU
		{73A4808D-27FF-45F0-875C-ED00B5F4A0C2}.Debug|x64.ActiveCfg = Debug|Any CPU
		{73A4808D-27FF-45F0-875C-ED00B5F4A0C2}.Debug|x64.Build.0 = Debug|Any CPU
		{73A4808D-27FF-45F0-875C-ED00B5F4A0C2}.Debug|x86.ActiveCfg = Debug|Any CPU
		{73A4808D-27FF-45F0-875C-ED00B5F4A0C2}.Debug|x86.Build.0 = Debug|Any CPU
		{73A4808D-27FF-45F0-875C-ED00B5F4A0C2}.Release|Any CPU.ActiveCfg = Release|Any CPU
		{73A4808D-27FF-45F0-875C-ED00B5F4A0C2}.Release|Any CPU.Build.0 = Release|Any CPU
		{73A4808D-27FF-45F0-875C-ED00B5F4A0C2}.Release|x64.ActiveCfg = Release|Any CPU
		{73A4808D-27FF-45F0-875C-ED00B5F4A0C2}.Release|x64.Build.0 = Release|Any CPU
		{73A4808D-27FF-45F0-875C-ED00B5F4A0C2}.Release|x86.ActiveCfg = Release|Any CPU
		{73A4808D-27FF-45F0-875C-ED00B5F4A0C2}.Release|x86.Build.0 = Release|Any CPU
		{2528A17C-443E-409D-9FE2-09D00FF5EDA2}.Debug|Any CPU.ActiveCfg = Debug|Any CPU
		{2528A17C-443E-409D-9FE2-09D00FF5EDA2}.Debug|Any CPU.Build.0 = Debug|Any CPU
		{2528A17C-443E-409D-9FE2-09D00FF5EDA2}.Debug|x64.ActiveCfg = Debug|Any CPU
		{2528A17C-443E-409D-9FE2-09D00FF5EDA2}.Debug|x64.Build.0 = Debug|Any CPU
		{2528A17C-443E-409D-9FE2-09D00FF5EDA2}.Debug|x86.ActiveCfg = Debug|Any CPU
		{2528A17C-443E-409D-9FE2-09D00FF5EDA2}.Debug|x86.Build.0 = Debug|Any CPU
		{2528A17C-443E-409D-9FE2-09D00FF5EDA2}.Release|Any CPU.ActiveCfg = Release|Any CPU
		{2528A17C-443E-409D-9FE2-09D00FF5EDA2}.Release|Any CPU.Build.0 = Release|Any CPU
		{2528A17C-443E-409D-9FE2-09D00FF5EDA2}.Release|x64.ActiveCfg = Release|Any CPU
		{2528A17C-443E-409D-9FE2-09D00FF5EDA2}.Release|x64.Build.0 = Release|Any CPU
		{2528A17C-443E-409D-9FE2-09D00FF5EDA2}.Release|x86.ActiveCfg = Release|Any CPU
		{2528A17C-443E-409D-9FE2-09D00FF5EDA2}.Release|x86.Build.0 = Release|Any CPU
		{FDCD5363-8EC1-44F5-90EE-650AE5960648}.Debug|Any CPU.ActiveCfg = Debug|Any CPU
		{FDCD5363-8EC1-44F5-90EE-650AE5960648}.Debug|Any CPU.Build.0 = Debug|Any CPU
		{FDCD5363-8EC1-44F5-90EE-650AE5960648}.Debug|x64.ActiveCfg = Debug|Any CPU
		{FDCD5363-8EC1-44F5-90EE-650AE5960648}.Debug|x64.Build.0 = Debug|Any CPU
		{FDCD5363-8EC1-44F5-90EE-650AE5960648}.Debug|x86.ActiveCfg = Debug|Any CPU
		{FDCD5363-8EC1-44F5-90EE-650AE5960648}.Debug|x86.Build.0 = Debug|Any CPU
		{FDCD5363-8EC1-44F5-90EE-650AE5960648}.Release|Any CPU.ActiveCfg = Release|Any CPU
		{FDCD5363-8EC1-44F5-90EE-650AE5960648}.Release|Any CPU.Build.0 = Release|Any CPU
		{FDCD5363-8EC1-44F5-90EE-650AE5960648}.Release|x64.ActiveCfg = Release|Any CPU
		{FDCD5363-8EC1-44F5-90EE-650AE5960648}.Release|x64.Build.0 = Release|Any CPU
		{FDCD5363-8EC1-44F5-90EE-650AE5960648}.Release|x86.ActiveCfg = Release|Any CPU
		{FDCD5363-8EC1-44F5-90EE-650AE5960648}.Release|x86.Build.0 = Release|Any CPU
		{B0D467F2-20C7-4C86-AF7D-B1BBB58153E1}.Debug|Any CPU.ActiveCfg = Debug|Any CPU
		{B0D467F2-20C7-4C86-AF7D-B1BBB58153E1}.Debug|Any CPU.Build.0 = Debug|Any CPU
		{B0D467F2-20C7-4C86-AF7D-B1BBB58153E1}.Debug|x64.ActiveCfg = Debug|Any CPU
		{B0D467F2-20C7-4C86-AF7D-B1BBB58153E1}.Debug|x64.Build.0 = Debug|Any CPU
		{B0D467F2-20C7-4C86-AF7D-B1BBB58153E1}.Debug|x86.ActiveCfg = Debug|Any CPU
		{B0D467F2-20C7-4C86-AF7D-B1BBB58153E1}.Debug|x86.Build.0 = Debug|Any CPU
		{B0D467F2-20C7-4C86-AF7D-B1BBB58153E1}.Release|Any CPU.ActiveCfg = Release|Any CPU
		{B0D467F2-20C7-4C86-AF7D-B1BBB58153E1}.Release|Any CPU.Build.0 = Release|Any CPU
		{B0D467F2-20C7-4C86-AF7D-B1BBB58153E1}.Release|x64.ActiveCfg = Release|Any CPU
		{B0D467F2-20C7-4C86-AF7D-B1BBB58153E1}.Release|x64.Build.0 = Release|Any CPU
		{B0D467F2-20C7-4C86-AF7D-B1BBB58153E1}.Release|x86.ActiveCfg = Release|Any CPU
		{B0D467F2-20C7-4C86-AF7D-B1BBB58153E1}.Release|x86.Build.0 = Release|Any CPU
		{466D3D47-0165-4071-B505-7D9340A318FA}.Debug|Any CPU.ActiveCfg = Debug|Any CPU
		{466D3D47-0165-4071-B505-7D9340A318FA}.Debug|Any CPU.Build.0 = Debug|Any CPU
		{466D3D47-0165-4071-B505-7D9340A318FA}.Debug|x64.ActiveCfg = Debug|Any CPU
		{466D3D47-0165-4071-B505-7D9340A318FA}.Debug|x64.Build.0 = Debug|Any CPU
		{466D3D47-0165-4071-B505-7D9340A318FA}.Debug|x86.ActiveCfg = Debug|Any CPU
		{466D3D47-0165-4071-B505-7D9340A318FA}.Debug|x86.Build.0 = Debug|Any CPU
		{466D3D47-0165-4071-B505-7D9340A318FA}.Release|Any CPU.ActiveCfg = Release|Any CPU
		{466D3D47-0165-4071-B505-7D9340A318FA}.Release|Any CPU.Build.0 = Release|Any CPU
		{466D3D47-0165-4071-B505-7D9340A318FA}.Release|x64.ActiveCfg = Release|Any CPU
		{466D3D47-0165-4071-B505-7D9340A318FA}.Release|x64.Build.0 = Release|Any CPU
		{466D3D47-0165-4071-B505-7D9340A318FA}.Release|x86.ActiveCfg = Release|Any CPU
		{466D3D47-0165-4071-B505-7D9340A318FA}.Release|x86.Build.0 = Release|Any CPU
	EndGlobalSection
	GlobalSection(SolutionProperties) = preSolution
		HideSolutionNode = FALSE
	EndGlobalSection
	GlobalSection(NestedProjects) = preSolution
		{984BB9B3-3FA3-BE33-9484-CAC21695A33C} = {827E0CD3-B72D-47B6-A68D-7590B98EB39B}
		{4123167B-43F7-B7D6-9F7F-37C16FB29096} = {984BB9B3-3FA3-BE33-9484-CAC21695A33C}
		{C292611E-5B66-40D2-88E3-913628BAF3A7} = {4123167B-43F7-B7D6-9F7F-37C16FB29096}
		{73A4808D-27FF-45F0-875C-ED00B5F4A0C2} = {4123167B-43F7-B7D6-9F7F-37C16FB29096}
		{2528A17C-443E-409D-9FE2-09D00FF5EDA2} = {4123167B-43F7-B7D6-9F7F-37C16FB29096}
		{FDCD5363-8EC1-44F5-90EE-650AE5960648} = {4123167B-43F7-B7D6-9F7F-37C16FB29096}
		{3FB03296-F262-2760-9861-73C41AF3766C} = {984BB9B3-3FA3-BE33-9484-CAC21695A33C}
		{B0D467F2-20C7-4C86-AF7D-B1BBB58153E1} = {3FB03296-F262-2760-9861-73C41AF3766C}
		{1BFC9479-12BF-35C3-06B8-42D89D95092B} = {984BB9B3-3FA3-BE33-9484-CAC21695A33C}
		{466D3D47-0165-4071-B505-7D9340A318FA} = {1BFC9479-12BF-35C3-06B8-42D89D95092B}
	EndGlobalSection
EndGlobal
